
Microsoft Visual Studio Solution File, Format Version 12.00
# Visual Studio Version 17
VisualStudioVersion = 17.7.34221.43
MinimumVisualStudioVersion = 10.0.40219.1
Project("{FAE04EC0-301F-11D3-BF4B-00C04F79EFBC}") = "Lagerstyringssystem", "Lagerstyringssystem.csproj", "{A0D98EF4-17E5-4675-8315-3FB4D65F48DD}"
EndProject
Global
	GlobalSection(SolutionConfigurationPlatforms) = preSolution
		Debug|Any CPU = Debug|Any CPU
		Release|Any CPU = Release|Any CPU
	EndGlobalSection
	GlobalSection(ProjectConfigurationPlatforms) = postSolution
		{A0D98EF4-17E5-4675-8315-3FB4D65F48DD}.Debug|Any CPU.ActiveCfg = Debug|Any CPU
		{A0D98EF4-17E5-4675-8315-3FB4D65F48DD}.Debug|Any CPU.Build.0 = Debug|Any CPU
		{A0D98EF4-17E5-4675-8315-3FB4D65F48DD}.Release|Any CPU.ActiveCfg = Release|Any CPU
		{A0D98EF4-17E5-4675-8315-3FB4D65F48DD}.Release|Any CPU.Build.0 = Release|Any CPU
	EndGlobalSection
	GlobalSection(SolutionProperties) = preSolution
		HideSolutionNode = FALSE
	EndGlobalSection
	GlobalSection(ExtensibilityGlobals) = postSolution
		SolutionGuid = {77224F95-F713-4958-8AB1-83936548DB5D}
	EndGlobalSection
EndGlobal
